// !$*UTF8*$!
{
	archiveVersion = 1;
	classes = {
	};
	objectVersion = 46;
	objects = {

/* Begin PBXBuildFile section */
		D5118C841092E1B50074C31C /* SampleApp.nib in Resources */ = {isa = PBXBuildFile; fileRef = D5118C811092E1B50074C31C /* SampleApp.nib */; };
		D57552AC1081CBA4008B2348 /* Cocoa.framework in Frameworks */ = {isa = PBXBuildFile; fileRef = DD92D38A0106425D02CA0E72 /* Cocoa.framework */; };
		D57552B21081CC03008B2348 /* main.m in Sources */ = {isa = PBXBuildFile; fileRef = D5EA8A2F074CF6DE00AE807E /* main.m */; };
		D57552B31081CC04008B2348 /* Drag.png in Resources */ = {isa = PBXBuildFile; fileRef = D5AB90AD081330A100734816 /* Drag.png */; };
		DBC49A081788BE85008463F7 /* RBSplitSubview.m in Sources */ = {isa = PBXBuildFile; fileRef = D5EA8B87074E9C5500AE807E /* RBSplitSubview.m */; };
		DBC49A091788BE86008463F7 /* RBSplitView.m in Sources */ = {isa = PBXBuildFile; fileRef = 0259C576FE90428111CA0C5A /* RBSplitView.m */; };
/* End PBXBuildFile section */

/* Begin PBXFileReference section */
		0259C576FE90428111CA0C5A /* RBSplitView.m */ = {isa = PBXFileReference; fileEncoding = 30; lastKnownFileType = sourcecode.c.objc; name = RBSplitView.m; path = Source/RBSplitView.m; sourceTree = "<group>"; };
		0259C57AFE90428111CA0C5A /* RBSplitView.h */ = {isa = PBXFileReference; fileEncoding = 30; lastKnownFileType = sourcecode.c.h; name = RBSplitView.h; path = Source/RBSplitView.h; sourceTree = "<group>"; };
		D5118C821092E1B50074C31C /* English */ = {isa = PBXFileReference; lastKnownFileType = wrapper.nib; name = English; path = "Sample App/English.lproj/SampleApp.nib"; sourceTree = "<group>"; };
		D57552A51081CB10008B2348 /* SampleApp(Sno).app */ = {isa = PBXFileReference; explicitFileType = wrapper.application; includeInIndex = 0; path = "SampleApp(Sno).app"; sourceTree = BUILT_PRODUCTS_DIR; };
		D57553BF1082D995008B2348 /* InterfaceBuilderKit.framework */ = {isa = PBXFileReference; lastKnownFileType = wrapper.framework; name = InterfaceBuilderKit.framework; path = Library/Frameworks/InterfaceBuilderKit.framework; sourceTree = DEVELOPER_DIR; };
		D5AB90AD081330A100734816 /* Drag.png */ = {isa = PBXFileReference; lastKnownFileType = image.png; name = Drag.png; path = "Sample App/Drag.png"; sourceTree = "<group>"; };
		D5EA8A0B074CF5AB00AE807E /* SampleApp-Info.plist */ = {isa = PBXFileReference; lastKnownFileType = text.plist.xml; name = "SampleApp-Info.plist"; path = "Sample App/SampleApp-Info.plist"; sourceTree = "<group>"; };
		D5EA8A2F074CF6DE00AE807E /* main.m */ = {isa = PBXFileReference; fileEncoding = 30; lastKnownFileType = sourcecode.c.objc; name = main.m; path = "Sample App/main.m"; sourceTree = "<group>"; };
		D5EA8B86074E9C5500AE807E /* RBSplitSubview.h */ = {isa = PBXFileReference; fileEncoding = 4; lastKnownFileType = sourcecode.c.h; name = RBSplitSubview.h; path = Source/RBSplitSubview.h; sourceTree = "<group>"; };
		D5EA8B87074E9C5500AE807E /* RBSplitSubview.m */ = {isa = PBXFileReference; fileEncoding = 4; lastKnownFileType = sourcecode.c.objc; name = RBSplitSubview.m; path = Source/RBSplitSubview.m; sourceTree = "<group>"; };
		D5EA8B94074E9DA100AE807E /* RBSplitViewPrivateDefines.h */ = {isa = PBXFileReference; fileEncoding = 4; lastKnownFileType = sourcecode.c.h; name = RBSplitViewPrivateDefines.h; path = Source/RBSplitViewPrivateDefines.h; sourceTree = "<group>"; };
		DD92D38A0106425D02CA0E72 /* Cocoa.framework */ = {isa = PBXFileReference; lastKnownFileType = wrapper.framework; name = Cocoa.framework; path = System/Library/Frameworks/Cocoa.framework; sourceTree = SDKROOT; };
/* End PBXFileReference section */

/* Begin PBXFrameworksBuildPhase section */
		D57552A31081CB10008B2348 /* Frameworks */ = {
			isa = PBXFrameworksBuildPhase;
			buildActionMask = 2147483647;
			files = (
				D57552AC1081CBA4008B2348 /* Cocoa.framework in Frameworks */,
			);
			runOnlyForDeploymentPostprocessing = 0;
		};
/* End PBXFrameworksBuildPhase section */

/* Begin PBXGroup section */
		0259C574FE90428111CA0C5A /* RBSplitView */ = {
			isa = PBXGroup;
			children = (
				32DBCF9E0370C38000C91783 /* Source */,
				D54EA7F107504DCF001EDAAC /* Sample App */,
				1ED78706FE9D4A0611CA0C5A /* Products */,
				2E58F364FFB232C311CA0CBA /* Frameworks */,
			);
			name = RBSplitView;
			sourceTree = "<group>";
		};
		1ED78706FE9D4A0611CA0C5A /* Products */ = {
			isa = PBXGroup;
			children = (
				D57552A51081CB10008B2348 /* SampleApp(Sno).app */,
			);
			name = Products;
			sourceTree = "<group>";
		};
		2E58F364FFB232C311CA0CBA /* Frameworks */ = {
			isa = PBXGroup;
			children = (
				DD92D38A0106425D02CA0E72 /* Cocoa.framework */,
				D57553BF1082D995008B2348 /* InterfaceBuilderKit.framework */,
			);
			name = Frameworks;
			sourceTree = "<group>";
		};
		32DBCF9E0370C38000C91783 /* Source */ = {
			isa = PBXGroup;
			children = (
				D5EA8B86074E9C5500AE807E /* RBSplitSubview.h */,
				D5EA8B87074E9C5500AE807E /* RBSplitSubview.m */,
				0259C57AFE90428111CA0C5A /* RBSplitView.h */,
				0259C576FE90428111CA0C5A /* RBSplitView.m */,
				D5EA8B94074E9DA100AE807E /* RBSplitViewPrivateDefines.h */,
			);
			name = Source;
			sourceTree = "<group>";
		};
		D54EA7F107504DCF001EDAAC /* Sample App */ = {
			isa = PBXGroup;
			children = (
				D5AB90AD081330A100734816 /* Drag.png */,
				D5EA8A2F074CF6DE00AE807E /* main.m */,
				D5EA8A0B074CF5AB00AE807E /* SampleApp-Info.plist */,
				D5118C811092E1B50074C31C /* SampleApp.nib */,
			);
			name = "Sample App";
			sourceTree = "<group>";
		};
/* End PBXGroup section */

/* Begin PBXNativeTarget section */
		D57552A41081CB10008B2348 /* SampleApp */ = {
			isa = PBXNativeTarget;
			buildConfigurationList = D57552AB1081CB11008B2348 /* Build configuration list for PBXNativeTarget "SampleApp" */;
			buildPhases = (
				D57552A11081CB10008B2348 /* Resources */,
				D57552A21081CB10008B2348 /* Sources */,
				D57552A31081CB10008B2348 /* Frameworks */,
			);
			buildRules = (
			);
			dependencies = (
			);
			name = SampleApp;
			productName = "SampleApp(Sno)";
			productReference = D57552A51081CB10008B2348 /* SampleApp(Sno).app */;
			productType = "com.apple.product-type.application";
		};
/* End PBXNativeTarget section */

/* Begin PBXProject section */
		0259C573FE90428111CA0C5A /* Project object */ = {
			isa = PBXProject;
			attributes = {
				ORGANIZATIONNAME = "Rainer Brockerhoff";
			};
			buildConfigurationList = D50F206F08A01A630073A261 /* Build configuration list for PBXProject "RBSplitView" */;
			compatibilityVersion = "Xcode 3.2";
			developmentRegion = English;
			hasScannedForEncodings = 1;
			knownRegions = (
				en,
			);
			mainGroup = 0259C574FE90428111CA0C5A /* RBSplitView */;
			projectDirPath = "";
			projectRoot = "";
			targets = (
				D57552A41081CB10008B2348 /* SampleApp */,
			);
		};
/* End PBXProject section */

/* Begin PBXResourcesBuildPhase section */
		D57552A11081CB10008B2348 /* Resources */ = {
			isa = PBXResourcesBuildPhase;
			buildActionMask = 2147483647;
			files = (
				D57552B31081CC04008B2348 /* Drag.png in Resources */,
				D5118C841092E1B50074C31C /* SampleApp.nib in Resources */,
			);
			runOnlyForDeploymentPostprocessing = 0;
		};
/* End PBXResourcesBuildPhase section */

/* Begin PBXSourcesBuildPhase section */
		D57552A21081CB10008B2348 /* Sources */ = {
			isa = PBXSourcesBuildPhase;
			buildActionMask = 2147483647;
			files = (
				D57552B21081CC03008B2348 /* main.m in Sources */,
				DBC49A081788BE85008463F7 /* RBSplitSubview.m in Sources */,
				DBC49A091788BE86008463F7 /* RBSplitView.m in Sources */,
			);
			runOnlyForDeploymentPostprocessing = 0;
		};
/* End PBXSourcesBuildPhase section */

/* Begin PBXVariantGroup section */
		D5118C811092E1B50074C31C /* SampleApp.nib */ = {
			isa = PBXVariantGroup;
			children = (
				D5118C821092E1B50074C31C /* English */,
			);
			name = SampleApp.nib;
			sourceTree = "<group>";
		};
/* End PBXVariantGroup section */

/* Begin XCBuildConfiguration section */
		D50F207008A01A630073A261 /* Debug */ = {
			isa = XCBuildConfiguration;
			buildSettings = {
				GCC_OPTIMIZATION_LEVEL = 0;
				GCC_VERSION = com.apple.compilers.llvm.clang.1_0;
				PRODUCT_NAME = RBSplitView;
				SDKROOT = macosx;
			};
			name = Debug;
		};
		D50F207108A01A630073A261 /* Release */ = {
			isa = XCBuildConfiguration;
			buildSettings = {
				GCC_GENERATE_DEBUGGING_SYMBOLS = NO;
				GCC_OPTIMIZATION_LEVEL = s;
				PRODUCT_NAME = RBSplitView;
				SDKROOT = macosx;
			};
			name = Release;
		};
		D57552A91081CB11008B2348 /* Debug */ = {
			isa = XCBuildConfiguration;
			buildSettings = {
				INFOPLIST_FILE = "Sample App/SampleApp-Info.plist";
				PRODUCT_NAME = "SampleApp(Sno)";
			};
			name = Debug;
		};
		D57552AA1081CB11008B2348 /* Release */ = {
			isa = XCBuildConfiguration;
			buildSettings = {
				INFOPLIST_FILE = "Sample App/SampleApp-Info.plist";
				PRODUCT_NAME = "SampleApp(Sno)";
			};
			name = Release;
		};
/* End XCBuildConfiguration section */

/* Begin XCConfigurationList section */
		D50F206F08A01A630073A261 /* Build configuration list for PBXProject "RBSplitView" */ = {
			isa = XCConfigurationList;
			buildConfigurations = (
				D50F207008A01A630073A261 /* Debug */,
				D50F207108A01A630073A261 /* Release */,
			);
			defaultConfigurationIsVisible = 0;
			defaultConfigurationName = Release;
		};
		D57552AB1081CB11008B2348 /* Build configuration list for PBXNativeTarget "SampleApp" */ = {
			isa = XCConfigurationList;
			buildConfigurations = (
				D57552A91081CB11008B2348 /* Debug */,
				D57552AA1081CB11008B2348 /* Release */,
			);
			defaultConfigurationIsVisible = 0;
			defaultConfigurationName = Release;
		};
/* End XCConfigurationList section */
	};
	rootObject = 0259C573FE90428111CA0C5A /* Project object */;
}
